
Microsoft Visual Studio Solution File, Format Version 12.00
# Visual Studio 14
VisualStudioVersion = 14.0.25420.1
MinimumVisualStudioVersion = 10.0.40219.1
Project("{00D1A9C2-B5F0-4AF3-8072-F6C62B433612}") = "dbMyStuff", "dbMyStuff\dbMyStuff.sqlproj", "{C95F6F5E-9710-494A-94F7-8BA338D3D97B}"
EndProject
Global
	GlobalSection(SolutionConfigurationPlatforms) = preSolution
		Debug|Any CPU = Debug|Any CPU
		Release|Any CPU = Release|Any CPU
	EndGlobalSection
	GlobalSection(ProjectConfigurationPlatforms) = postSolution
		{C95F6F5E-9710-494A-94F7-8BA338D3D97B}.Debug|Any CPU.ActiveCfg = Debug|Any CPU
		{C95F6F5E-9710-494A-94F7-8BA338D3D97B}.Debug|Any CPU.Build.0 = Debug|Any CPU
		{C95F6F5E-9710-494A-94F7-8BA338D3D97B}.Debug|Any CPU.Deploy.0 = Debug|Any CPU
		{C95F6F5E-9710-494A-94F7-8BA338D3D97B}.Release|Any CPU.ActiveCfg = Release|Any CPU
		{C95F6F5E-9710-494A-94F7-8BA338D3D97B}.Release|Any CPU.Build.0 = Release|Any CPU
		{C95F6F5E-9710-494A-94F7-8BA338D3D97B}.Release|Any CPU.Deploy.0 = Release|Any CPU
	EndGlobalSection
	GlobalSection(SolutionProperties) = preSolution
		HideSolutionNode = FALSE
	EndGlobalSection
EndGlobal
